// !$*UTF8*$!
{
	archiveVersion = 1;
	classes = {
	};
	objectVersion = 46;
	objects = {

/* Begin PBXBuildFile section */
		D00633531C4FEBBF00465E84 /* main.m in Sources */ = {isa = PBXBuildFile; fileRef = D00633521C4FEBBF00465E84 /* main.m */; };
		D00633561C4FEBBF00465E84 /* AppDelegate.m in Sources */ = {isa = PBXBuildFile; fileRef = D00633551C4FEBBF00465E84 /* AppDelegate.m */; };
		D00633591C4FEBBF00465E84 /* ViewController.m in Sources */ = {isa = PBXBuildFile; fileRef = D00633581C4FEBBF00465E84 /* ViewController.m */; };
		D006335C1C4FEBBF00465E84 /* Main.storyboard in Resources */ = {isa = PBXBuildFile; fileRef = D006335A1C4FEBBF00465E84 /* Main.storyboard */; };
		D006335E1C4FEBC000465E84 /* Assets.xcassets in Resources */ = {isa = PBXBuildFile; fileRef = D006335D1C4FEBC000465E84 /* Assets.xcassets */; };
		D00633611C4FEBC000465E84 /* LaunchScreen.storyboard in Resources */ = {isa = PBXBuildFile; fileRef = D006335F1C4FEBC000465E84 /* LaunchScreen.storyboard */; };
/* End PBXBuildFile section */

/* Begin PBXFileReference section */
		D006334E1C4FEBBF00465E84 /* LaTercera.app */ = {isa = PBXFileReference; explicitFileType = wrapper.application; includeInIndex = 0; path = LaTercera.app; sourceTree = BUILT_PRODUCTS_DIR; };
		D00633521C4FEBBF00465E84 /* main.m */ = {isa = PBXFileReference; lastKnownFileType = sourcecode.c.objc; path = main.m; sourceTree = "<group>"; };
		D00633541C4FEBBF00465E84 /* AppDelegate.h */ = {isa = PBXFileReference; lastKnownFileType = sourcecode.c.h; path = AppDelegate.h; sourceTree = "<group>"; };
		D00633551C4FEBBF00465E84 /* AppDelegate.m */ = {isa = PBXFileReference; lastKnownFileType = sourcecode.c.objc; path = AppDelegate.m; sourceTree = "<group>"; };
		D00633571C4FEBBF00465E84 /* ViewController.h */ = {isa = PBXFileReference; lastKnownFileType = sourcecode.c.h; path = ViewController.h; sourceTree = "<group>"; };
		D00633581C4FEBBF00465E84 /* ViewController.m */ = {isa = PBXFileReference; lastKnownFileType = sourcecode.c.objc; path = ViewController.m; sourceTree = "<group>"; };
		D006335B1C4FEBBF00465E84 /* Base */ = {isa = PBXFileReference; lastKnownFileType = file.storyboard; name = Base; path = Base.lproj/Main.storyboard; sourceTree = "<group>"; };
		D006335D1C4FEBC000465E84 /* Assets.xcassets */ = {isa = PBXFileReference; lastKnownFileType = folder.assetcatalog; path = Assets.xcassets; sourceTree = "<group>"; };
		D00633601C4FEBC000465E84 /* Base */ = {isa = PBXFileReference; lastKnownFileType = file.storyboard; name = Base; path = Base.lproj/LaunchScreen.storyboard; sourceTree = "<group>"; };
		D00633621C4FEBC000465E84 /* Info.plist */ = {isa = PBXFileReference; lastKnownFileType = text.plist.xml; path = Info.plist; sourceTree = "<group>"; };
/* End PBXFileReference section */

/* Begin PBXFrameworksBuildPhase section */
		D006334B1C4FEBBF00465E84 /* Frameworks */ = {
			isa = PBXFrameworksBuildPhase;
			buildActionMask = 2147483647;
			files = (
			);
			runOnlyForDeploymentPostprocessing = 0;
		};
/* End PBXFrameworksBuildPhase section */

/* Begin PBXGroup section */
		D00633451C4FEBBF00465E84 = {
			isa = PBXGroup;
			children = (
				D00633501C4FEBBF00465E84 /* LaTercera */,
				D006334F1C4FEBBF00465E84 /* Products */,
			);
			sourceTree = "<group>";
		};
		D006334F1C4FEBBF00465E84 /* Products */ = {
			isa = PBXGroup;
			children = (
				D006334E1C4FEBBF00465E84 /* LaTercera.app */,
			);
			name = Products;
			sourceTree = "<group>";
		};
		D00633501C4FEBBF00465E84 /* LaTercera */ = {
			isa = PBXGroup;
			children = (
				D00633541C4FEBBF00465E84 /* AppDelegate.h */,
				D00633551C4FEBBF00465E84 /* AppDelegate.m */,
				D00633571C4FEBBF00465E84 /* ViewController.h */,
				D00633581C4FEBBF00465E84 /* ViewController.m */,
				D006335A1C4FEBBF00465E84 /* Main.storyboard */,
				D006335D1C4FEBC000465E84 /* Assets.xcassets */,
				D006335F1C4FEBC000465E84 /* LaunchScreen.storyboard */,
				D00633621C4FEBC000465E84 /* Info.plist */,
				D00633511C4FEBBF00465E84 /* Supporting Files */,
			);
			path = LaTercera;
			sourceTree = "<group>";
		};
		D00633511C4FEBBF00465E84 /* Supporting Files */ = {
			isa = PBXGroup;
			children = (
				D00633521C4FEBBF00465E84 /* main.m */,
			);
			name = "Supporting Files";
			sourceTree = "<group>";
		};
/* End PBXGroup section */

/* Begin PBXNativeTarget section */
		D006334D1C4FEBBF00465E84 /* LaTercera */ = {
			isa = PBXNativeTarget;
			buildConfigurationList = D00633651C4FEBC000465E84 /* Build configuration list for PBXNativeTarget "LaTercera" */;
			buildPhases = (
				D006334A1C4FEBBF00465E84 /* Sources */,
				D006334B1C4FEBBF00465E84 /* Frameworks */,
				D006334C1C4FEBBF00465E84 /* Resources */,
			);
			buildRules = (
			);
			dependencies = (
			);
			name = LaTercera;
			productName = LaTercera;
			productReference = D006334E1C4FEBBF00465E84 /* LaTercera.app */;
			productType = "com.apple.product-type.application";
		};
/* End PBXNativeTarget section */

/* Begin PBXProject section */
		D00633461C4FEBBF00465E84 /* Project object */ = {
			isa = PBXProject;
			attributes = {
				LastUpgradeCheck = 0720;
				ORGANIZATIONNAME = Celcom;
				TargetAttributes = {
					D006334D1C4FEBBF00465E84 = {
						CreatedOnToolsVersion = 7.2;
						DevelopmentTeam = 5N9H8P5H62;
					};
				};
			};
			buildConfigurationList = D00633491C4FEBBF00465E84 /* Build configuration list for PBXProject "LaTercera" */;
			compatibilityVersion = "Xcode 3.2";
			developmentRegion = English;
			hasScannedForEncodings = 0;
			knownRegions = (
				en,
				Base,
			);
			mainGroup = D00633451C4FEBBF00465E84;
			productRefGroup = D006334F1C4FEBBF00465E84 /* Products */;
			projectDirPath = "";
			projectRoot = "";
			targets = (
				D006334D1C4FEBBF00465E84 /* LaTercera */,
			);
		};
/* End PBXProject section */

/* Begin PBXResourcesBuildPhase section */
		D006334C1C4FEBBF00465E84 /* Resources */ = {
			isa = PBXResourcesBuildPhase;
			buildActionMask = 2147483647;
			files = (
				D00633611C4FEBC000465E84 /* LaunchScreen.storyboard in Resources */,
				D006335E1C4FEBC000465E84 /* Assets.xcassets in Resources */,
				D006335C1C4FEBBF00465E84 /* Main.storyboard in Resources */,
			);
			runOnlyForDeploymentPostprocessing = 0;
		};
/* End PBXResourcesBuildPhase section */

/* Begin PBXSourcesBuildPhase section */
		D006334A1C4FEBBF00465E84 /* Sources */ = {
			isa = PBXSourcesBuildPhase;
			buildActionMask = 2147483647;
			files = (
				D00633591C4FEBBF00465E84 /* ViewController.m in Sources */,
				D00633561C4FEBBF00465E84 /* AppDelegate.m in Sources */,
				D00633531C4FEBBF00465E84 /* main.m in Sources */,
			);
			runOnlyForDeploymentPostprocessing = 0;
		};
/* End PBXSourcesBuildPhase section */

/* Begin PBXVariantGroup section */
		D006335A1C4FEBBF00465E84 /* Main.storyboard */ = {
			isa = PBXVariantGroup;
			children = (
				D006335B1C4FEBBF00465E84 /* Base */,
			);
			name = Main.storyboard;
			sourceTree = "<group>";
		};
		D006335F1C4FEBC000465E84 /* LaunchScreen.storyboard */ = {
			isa = PBXVariantGroup;
			children = (
				D00633601C4FEBC000465E84 /* Base */,
			);
			name = LaunchScreen.storyboard;
			sourceTree = "<group>";
		};
/* End PBXVariantGroup section */

/* Begin XCBuildConfiguration section */
		D00633631C4FEBC000465E84 /* Debug */ = {
			isa = XCBuildConfiguration;
			buildSettings = {
				ALWAYS_SEARCH_USER_PATHS = NO;
				CLANG_CXX_LANGUAGE_STANDARD = "gnu++0x";
				CLANG_CXX_LIBRARY = "libc++";
				CLANG_ENABLE_MODULES = YES;
				CLANG_ENABLE_OBJC_ARC = YES;
				CLANG_WARN_BOOL_CONVERSION = YES;
				CLANG_WARN_CONSTANT_CONVERSION = YES;
				CLANG_WARN_DIRECT_OBJC_ISA_USAGE = YES_ERROR;
				CLANG_WARN_EMPTY_BODY = YES;
				CLANG_WARN_ENUM_CONVERSION = YES;
				CLANG_WARN_INT_CONVERSION = YES;
				CLANG_WARN_OBJC_ROOT_CLASS = YES_ERROR;
				CLANG_WARN_UNREACHABLE_CODE = YES;
				CLANG_WARN__DUPLICATE_METHOD_MATCH = YES;
				"CODE_SIGN_IDENTITY[sdk=iphoneos*]" = "iPhone Developer";
				COPY_PHASE_STRIP = NO;
				DEBUG_INFORMATION_FORMAT = dwarf;
				ENABLE_STRICT_OBJC_MSGSEND = YES;
				ENABLE_TESTABILITY = YES;
				GCC_C_LANGUAGE_STANDARD = gnu99;
				GCC_DYNAMIC_NO_PIC = NO;
				GCC_NO_COMMON_BLOCKS = YES;
				GCC_OPTIMIZATION_LEVEL = 0;
				GCC_PREPROCESSOR_DEFINITIONS = (
					"DEBUG=1",
					"$(inherited)",
				);
				GCC_WARN_64_TO_32_BIT_CONVERSION = YES;
				GCC_WARN_ABOUT_RETURN_TYPE = YES_ERROR;
				GCC_WARN_UNDECLARED_SELECTOR = YES;
				GCC_WARN_UNINITIALIZED_AUTOS = YES_AGGRESSIVE;
				GCC_WARN_UNUSED_FUNCTION = YES;
				GCC_WARN_UNUSED_VARIABLE = YES;
				IPHONEOS_DEPLOYMENT_TARGET = 9.2;
				MTL_ENABLE_DEBUG_INFO = YES;
				ONLY_ACTIVE_ARCH = YES;
				SDKROOT = iphoneos;
			};
			name = Debug;
		};
		D00633641C4FEBC000465E84 /* Release */ = {
			isa = XCBuildConfiguration;
			buildSettings = {
				ALWAYS_SEARCH_USER_PATHS = NO;
				CLANG_CXX_LANGUAGE_STANDARD = "gnu++0x";
				CLANG_CXX_LIBRARY = "libc++";
				CLANG_ENABLE_MODULES = YES;
				CLANG_ENABLE_OBJC_ARC = YES;
				CLANG_WARN_BOOL_CONVERSION = YES;
				CLANG_WARN_CONSTANT_CONVERSION = YES;
				CLANG_WARN_DIRECT_OBJC_ISA_USAGE = YES_ERROR;
				CLANG_WARN_EMPTY_BODY = YES;
				CLANG_WARN_ENUM_CONVERSION = YES;
				CLANG_WARN_INT_CONVERSION = YES;
				CLANG_WARN_OBJC_ROOT_CLASS = YES_ERROR;
				CLANG_WARN_UNREACHABLE_CODE = YES;
				CLANG_WARN__DUPLICATE_METHOD_MATCH = YES;
				"CODE_SIGN_IDENTITY[sdk=iphoneos*]" = "iPhone Developer";
				COPY_PHASE_STRIP = NO;
				DEBUG_INFORMATION_FORMAT = "dwarf-with-dsym";
				ENABLE_NS_ASSERTIONS = NO;
				ENABLE_STRICT_OBJC_MSGSEND = YES;
				GCC_C_LANGUAGE_STANDARD = gnu99;
				GCC_NO_COMMON_BLOCKS = YES;
				GCC_WARN_64_TO_32_BIT_CONVERSION = YES;
				GCC_WARN_ABOUT_RETURN_TYPE = YES_ERROR;
				GCC_WARN_UNDECLARED_SELECTOR = YES;
				GCC_WARN_UNINITIALIZED_AUTOS = YES_AGGRESSIVE;
				GCC_WARN_UNUSED_FUNCTION = YES;
				GCC_WARN_UNUSED_VARIABLE = YES;
				IPHONEOS_DEPLOYMENT_TARGET = 9.2;
				MTL_ENABLE_DEBUG_INFO = NO;
				SDKROOT = iphoneos;
				VALIDATE_PRODUCT = YES;
			};
			name = Release;
		};
		D00633661C4FEBC000465E84 /* Debug */ = {
			isa = XCBuildConfiguration;
			buildSettings = {
				ASSETCATALOG_COMPILER_APPICON_NAME = AppIcon;
				CODE_SIGN_IDENTITY = "iPhone Developer";
				INFOPLIST_FILE = LaTercera/Info.plist;
				LD_RUNPATH_SEARCH_PATHS = "$(inherited) @executable_path/Frameworks";
				PRODUCT_BUNDLE_IDENTIFIER = cl.celcom.LaTercera;
				PRODUCT_NAME = "$(TARGET_NAME)";
			};
			name = Debug;
		};
		D00633671C4FEBC000465E84 /* Release */ = {
			isa = XCBuildConfiguration;
			buildSettings = {
				ASSETCATALOG_COMPILER_APPICON_NAME = AppIcon;
				CODE_SIGN_IDENTITY = "iPhone Developer";
				INFOPLIST_FILE = LaTercera/Info.plist;
				LD_RUNPATH_SEARCH_PATHS = "$(inherited) @executable_path/Frameworks";
				PRODUCT_BUNDLE_IDENTIFIER = cl.celcom.LaTercera;
				PRODUCT_NAME = "$(TARGET_NAME)";
			};
			name = Release;
		};
/* End XCBuildConfiguration section */

/* Begin XCConfigurationList section */
		D00633491C4FEBBF00465E84 /* Build configuration list for PBXProject "LaTercera" */ = {
			isa = XCConfigurationList;
			buildConfigurations = (
				D00633631C4FEBC000465E84 /* Debug */,
				D00633641C4FEBC000465E84 /* Release */,
			);
			defaultConfigurationIsVisible = 0;
			defaultConfigurationName = Release;
		};
		D00633651C4FEBC000465E84 /* Build configuration list for PBXNativeTarget "LaTercera" */ = {
			isa = XCConfigurationList;
			buildConfigurations = (
				D00633661C4FEBC000465E84 /* Debug */,
				D00633671C4FEBC000465E84 /* Release */,
			);
			defaultConfigurationIsVisible = 0;
		};
/* End XCConfigurationList section */
	};
	rootObject = D00633461C4FEBBF00465E84 /* Project object */;
}
